
Microsoft Visual Studio Solution File, Format Version 12.00
Project("{FAE04EC0-301F-11D3-BF4B-00C04F79EFBC}") = "ConsoleApp", "ConsoleApp\ConsoleApp.csproj", "{4546E08D-4D68-4C2E-8401-661E00C8AA6C}"
EndProject
Project("{FAE04EC0-301F-11D3-BF4B-00C04F79EFBC}") = "Domain", "Domain\Domain.csproj", "{48A7DA26-6A72-4955-AA24-CC707C11E7B1}"
EndProject
Project("{FAE04EC0-301F-11D3-BF4B-00C04F79EFBC}") = "DAL", "DAL\DAL.csproj", "{CF54540B-6FD4-4149-A281-20CC60E42012}"
EndProject
Project("{FAE04EC0-301F-11D3-BF4B-00C04F79EFBC}") = "WebApp", "WebApp\WebApp.csproj", "{7775CD56-BDCA-45A5-A4EE-7EB7AAB7F556}"
EndProject
Project("{2150E333-8FDC-42A3-9474-1A3956D46DE8}") = "Solution Items", "Solution Items", "{58914A33-C3BB-48FA-B0F6-D6D191EA0212}"
ProjectSection(SolutionItems) = preProject
	README.md = README.md
EndProjectSection
EndProject
Global
	GlobalSection(SolutionConfigurationPlatforms) = preSolution
		Debug|Any CPU = Debug|Any CPU
		Release|Any CPU = Release|Any CPU
	EndGlobalSection
	GlobalSection(ProjectConfigurationPlatforms) = postSolution
		{4546E08D-4D68-4C2E-8401-661E00C8AA6C}.Debug|Any CPU.ActiveCfg = Debug|Any CPU
		{4546E08D-4D68-4C2E-8401-661E00C8AA6C}.Debug|Any CPU.Build.0 = Debug|Any CPU
		{4546E08D-4D68-4C2E-8401-661E00C8AA6C}.Release|Any CPU.ActiveCfg = Release|Any CPU
		{4546E08D-4D68-4C2E-8401-661E00C8AA6C}.Release|Any CPU.Build.0 = Release|Any CPU
		{48A7DA26-6A72-4955-AA24-CC707C11E7B1}.Debug|Any CPU.ActiveCfg = Debug|Any CPU
		{48A7DA26-6A72-4955-AA24-CC707C11E7B1}.Debug|Any CPU.Build.0 = Debug|Any CPU
		{48A7DA26-6A72-4955-AA24-CC707C11E7B1}.Release|Any CPU.ActiveCfg = Release|Any CPU
		{48A7DA26-6A72-4955-AA24-CC707C11E7B1}.Release|Any CPU.Build.0 = Release|Any CPU
		{CF54540B-6FD4-4149-A281-20CC60E42012}.Debug|Any CPU.ActiveCfg = Debug|Any CPU
		{CF54540B-6FD4-4149-A281-20CC60E42012}.Debug|Any CPU.Build.0 = Debug|Any CPU
		{CF54540B-6FD4-4149-A281-20CC60E42012}.Release|Any CPU.ActiveCfg = Release|Any CPU
		{CF54540B-6FD4-4149-A281-20CC60E42012}.Release|Any CPU.Build.0 = Release|Any CPU
		{7775CD56-BDCA-45A5-A4EE-7EB7AAB7F556}.Debug|Any CPU.ActiveCfg = Debug|Any CPU
		{7775CD56-BDCA-45A5-A4EE-7EB7AAB7F556}.Debug|Any CPU.Build.0 = Debug|Any CPU
		{7775CD56-BDCA-45A5-A4EE-7EB7AAB7F556}.Release|Any CPU.ActiveCfg = Release|Any CPU
		{7775CD56-BDCA-45A5-A4EE-7EB7AAB7F556}.Release|Any CPU.Build.0 = Release|Any CPU
	EndGlobalSection
EndGlobal
